// !$*UTF8*$!
{
	archiveVersion = 1;
	classes = {
	};
	objectVersion = 46;
	objects = {

/* Begin PBXBuildFile section */
		A0B4DF3A1D2D084A0074E216 /* AppDelegate.swift in Sources */ = {isa = PBXBuildFile; fileRef = A0B4DF391D2D084A0074E216 /* AppDelegate.swift */; };
		A0B4DF3C1D2D084A0074E216 /* ViewController.swift in Sources */ = {isa = PBXBuildFile; fileRef = A0B4DF3B1D2D084A0074E216 /* ViewController.swift */; };
		A0B4DF3F1D2D084A0074E216 /* Main.storyboard in Resources */ = {isa = PBXBuildFile; fileRef = A0B4DF3D1D2D084A0074E216 /* Main.storyboard */; };
		A0B4DF411D2D084A0074E216 /* Assets.xcassets in Resources */ = {isa = PBXBuildFile; fileRef = A0B4DF401D2D084A0074E216 /* Assets.xcassets */; };
		A0B4DF441D2D084A0074E216 /* LaunchScreen.storyboard in Resources */ = {isa = PBXBuildFile; fileRef = A0B4DF421D2D084A0074E216 /* LaunchScreen.storyboard */; };
		E4AE83116C409A324E782441 /* libPods.a in Frameworks */ = {isa = PBXBuildFile; fileRef = 5D829DE61C577C49CA7AE95B /* libPods.a */; };
/* End PBXBuildFile section */

/* Begin PBXFileReference section */
		2DDBA74E2588958E2C13E347 /* Pods.debug.xcconfig */ = {isa = PBXFileReference; includeInIndex = 1; lastKnownFileType = text.xcconfig; name = Pods.debug.xcconfig; path = "Pods/Target Support Files/Pods/Pods.debug.xcconfig"; sourceTree = "<group>"; };
		352EFDC6AAE3437B8C8CD61E /* Pods.release.xcconfig */ = {isa = PBXFileReference; includeInIndex = 1; lastKnownFileType = text.xcconfig; name = Pods.release.xcconfig; path = "Pods/Target Support Files/Pods/Pods.release.xcconfig"; sourceTree = "<group>"; };
		5D829DE61C577C49CA7AE95B /* libPods.a */ = {isa = PBXFileReference; explicitFileType = archive.ar; includeInIndex = 0; path = libPods.a; sourceTree = BUILT_PRODUCTS_DIR; };
		A0B4DF361D2D084A0074E216 /* GADLoaderHiddenWindowSample.app */ = {isa = PBXFileReference; explicitFileType = wrapper.application; includeInIndex = 0; path = GADLoaderHiddenWindowSample.app; sourceTree = BUILT_PRODUCTS_DIR; };
		A0B4DF391D2D084A0074E216 /* AppDelegate.swift */ = {isa = PBXFileReference; lastKnownFileType = sourcecode.swift; path = AppDelegate.swift; sourceTree = "<group>"; };
		A0B4DF3B1D2D084A0074E216 /* ViewController.swift */ = {isa = PBXFileReference; lastKnownFileType = sourcecode.swift; path = ViewController.swift; sourceTree = "<group>"; };
		A0B4DF3E1D2D084A0074E216 /* Base */ = {isa = PBXFileReference; lastKnownFileType = file.storyboard; name = Base; path = Base.lproj/Main.storyboard; sourceTree = "<group>"; };
		A0B4DF401D2D084A0074E216 /* Assets.xcassets */ = {isa = PBXFileReference; lastKnownFileType = folder.assetcatalog; path = Assets.xcassets; sourceTree = "<group>"; };
		A0B4DF431D2D084A0074E216 /* Base */ = {isa = PBXFileReference; lastKnownFileType = file.storyboard; name = Base; path = Base.lproj/LaunchScreen.storyboard; sourceTree = "<group>"; };
		A0B4DF451D2D084A0074E216 /* Info.plist */ = {isa = PBXFileReference; lastKnownFileType = text.plist.xml; path = Info.plist; sourceTree = "<group>"; };
/* End PBXFileReference section */

/* Begin PBXFrameworksBuildPhase section */
		A0B4DF331D2D084A0074E216 /* Frameworks */ = {
			isa = PBXFrameworksBuildPhase;
			buildActionMask = 2147483647;
			files = (
				E4AE83116C409A324E782441 /* libPods.a in Frameworks */,
			);
			runOnlyForDeploymentPostprocessing = 0;
		};
/* End PBXFrameworksBuildPhase section */

/* Begin PBXGroup section */
		99D67E1D7AE020C49D78760C /* Frameworks */ = {
			isa = PBXGroup;
			children = (
				5D829DE61C577C49CA7AE95B /* libPods.a */,
			);
			name = Frameworks;
			sourceTree = "<group>";
		};
		A0B4DF2D1D2D084A0074E216 = {
			isa = PBXGroup;
			children = (
				A0B4DF381D2D084A0074E216 /* GADLoaderHiddenWindowSample */,
				A0B4DF371D2D084A0074E216 /* Products */,
				E944A6740796187C1350548C /* Pods */,
				99D67E1D7AE020C49D78760C /* Frameworks */,
			);
			sourceTree = "<group>";
		};
		A0B4DF371D2D084A0074E216 /* Products */ = {
			isa = PBXGroup;
			children = (
				A0B4DF361D2D084A0074E216 /* GADLoaderHiddenWindowSample.app */,
			);
			name = Products;
			sourceTree = "<group>";
		};
		A0B4DF381D2D084A0074E216 /* GADLoaderHiddenWindowSample */ = {
			isa = PBXGroup;
			children = (
				A0B4DF391D2D084A0074E216 /* AppDelegate.swift */,
				A0B4DF3B1D2D084A0074E216 /* ViewController.swift */,
				A0B4DF3D1D2D084A0074E216 /* Main.storyboard */,
				A0B4DF401D2D084A0074E216 /* Assets.xcassets */,
				A0B4DF421D2D084A0074E216 /* LaunchScreen.storyboard */,
				A0B4DF451D2D084A0074E216 /* Info.plist */,
			);
			path = GADLoaderHiddenWindowSample;
			sourceTree = "<group>";
		};
		E944A6740796187C1350548C /* Pods */ = {
			isa = PBXGroup;
			children = (
				2DDBA74E2588958E2C13E347 /* Pods.debug.xcconfig */,
				352EFDC6AAE3437B8C8CD61E /* Pods.release.xcconfig */,
			);
			name = Pods;
			sourceTree = "<group>";
		};
/* End PBXGroup section */

/* Begin PBXNativeTarget section */
		A0B4DF351D2D084A0074E216 /* GADLoaderHiddenWindowSample */ = {
			isa = PBXNativeTarget;
			buildConfigurationList = A0B4DF481D2D084A0074E216 /* Build configuration list for PBXNativeTarget "GADLoaderHiddenWindowSample" */;
			buildPhases = (
				5B0D7F59F87A824923F9738D /* Check Pods Manifest.lock */,
				A0B4DF321D2D084A0074E216 /* Sources */,
				A0B4DF331D2D084A0074E216 /* Frameworks */,
				A0B4DF341D2D084A0074E216 /* Resources */,
				33CE08685717F43771C8F2EB /* Embed Pods Frameworks */,
				219B8BDA8A328D640BA38AFA /* Copy Pods Resources */,
			);
			buildRules = (
			);
			dependencies = (
			);
			name = GADLoaderHiddenWindowSample;
			productName = GADLoaderHiddenWindowSample;
			productReference = A0B4DF361D2D084A0074E216 /* GADLoaderHiddenWindowSample.app */;
			productType = "com.apple.product-type.application";
		};
/* End PBXNativeTarget section */

/* Begin PBXProject section */
		A0B4DF2E1D2D084A0074E216 /* Project object */ = {
			isa = PBXProject;
			attributes = {
				LastSwiftUpdateCheck = 0730;
				LastUpgradeCheck = 0730;
				ORGANIZATIONNAME = "Sakamoto Kazuhiro";
				TargetAttributes = {
					A0B4DF351D2D084A0074E216 = {
						CreatedOnToolsVersion = 7.3.1;
					};
				};
			};
			buildConfigurationList = A0B4DF311D2D084A0074E216 /* Build configuration list for PBXProject "GADLoaderHiddenWindowSample" */;
			compatibilityVersion = "Xcode 3.2";
			developmentRegion = English;
			hasScannedForEncodings = 0;
			knownRegions = (
				en,
				Base,
			);
			mainGroup = A0B4DF2D1D2D084A0074E216;
			productRefGroup = A0B4DF371D2D084A0074E216 /* Products */;
			projectDirPath = "";
			projectRoot = "";
			targets = (
				A0B4DF351D2D084A0074E216 /* GADLoaderHiddenWindowSample */,
			);
		};
/* End PBXProject section */

/* Begin PBXResourcesBuildPhase section */
		A0B4DF341D2D084A0074E216 /* Resources */ = {
			isa = PBXResourcesBuildPhase;
			buildActionMask = 2147483647;
			files = (
				A0B4DF441D2D084A0074E216 /* LaunchScreen.storyboard in Resources */,
				A0B4DF411D2D084A0074E216 /* Assets.xcassets in Resources */,
				A0B4DF3F1D2D084A0074E216 /* Main.storyboard in Resources */,
			);
			runOnlyForDeploymentPostprocessing = 0;
		};
/* End PBXResourcesBuildPhase section */

/* Begin PBXShellScriptBuildPhase section */
		219B8BDA8A328D640BA38AFA /* Copy Pods Resources */ = {
			isa = PBXShellScriptBuildPhase;
			buildActionMask = 2147483647;
			files = (
			);
			inputPaths = (
			);
			name = "Copy Pods Resources";
			outputPaths = (
			);
			runOnlyForDeploymentPostprocessing = 0;
			shellPath = /bin/sh;
			shellScript = "\"${SRCROOT}/Pods/Target Support Files/Pods/Pods-resources.sh\"\n";
			showEnvVarsInLog = 0;
		};
		33CE08685717F43771C8F2EB /* Embed Pods Frameworks */ = {
			isa = PBXShellScriptBuildPhase;
			buildActionMask = 2147483647;
			files = (
			);
			inputPaths = (
			);
			name = "Embed Pods Frameworks";
			outputPaths = (
			);
			runOnlyForDeploymentPostprocessing = 0;
			shellPath = /bin/sh;
			shellScript = "\"${SRCROOT}/Pods/Target Support Files/Pods/Pods-frameworks.sh\"\n";
			showEnvVarsInLog = 0;
		};
		5B0D7F59F87A824923F9738D /* Check Pods Manifest.lock */ = {
			isa = PBXShellScriptBuildPhase;
			buildActionMask = 2147483647;
			files = (
			);
			inputPaths = (
			);
			name = "Check Pods Manifest.lock";
			outputPaths = (
			);
			runOnlyForDeploymentPostprocessing = 0;
			shellPath = /bin/sh;
			shellScript = "diff \"${PODS_ROOT}/../Podfile.lock\" \"${PODS_ROOT}/Manifest.lock\" > /dev/null\nif [[ $? != 0 ]] ; then\n    cat << EOM\nerror: The sandbox is not in sync with the Podfile.lock. Run 'pod install' or update your CocoaPods installation.\nEOM\n    exit 1\nfi\n";
			showEnvVarsInLog = 0;
		};
/* End PBXShellScriptBuildPhase section */

/* Begin PBXSourcesBuildPhase section */
		A0B4DF321D2D084A0074E216 /* Sources */ = {
			isa = PBXSourcesBuildPhase;
			buildActionMask = 2147483647;
			files = (
				A0B4DF3C1D2D084A0074E216 /* ViewController.swift in Sources */,
				A0B4DF3A1D2D084A0074E216 /* AppDelegate.swift in Sources */,
			);
			runOnlyForDeploymentPostprocessing = 0;
		};
/* End PBXSourcesBuildPhase section */

/* Begin PBXVariantGroup section */
		A0B4DF3D1D2D084A0074E216 /* Main.storyboard */ = {
			isa = PBXVariantGroup;
			children = (
				A0B4DF3E1D2D084A0074E216 /* Base */,
			);
			name = Main.storyboard;
			sourceTree = "<group>";
		};
		A0B4DF421D2D084A0074E216 /* LaunchScreen.storyboard */ = {
			isa = PBXVariantGroup;
			children = (
				A0B4DF431D2D084A0074E216 /* Base */,
			);
			name = LaunchScreen.storyboard;
			sourceTree = "<group>";
		};
/* End PBXVariantGroup section */

/* Begin XCBuildConfiguration section */
		A0B4DF461D2D084A0074E216 /* Debug */ = {
			isa = XCBuildConfiguration;
			buildSettings = {
				ALWAYS_SEARCH_USER_PATHS = NO;
				CLANG_ANALYZER_NONNULL = YES;
				CLANG_CXX_LANGUAGE_STANDARD = "gnu++0x";
				CLANG_CXX_LIBRARY = "libc++";
				CLANG_ENABLE_MODULES = YES;
				CLANG_ENABLE_OBJC_ARC = YES;
				CLANG_WARN_BOOL_CONVERSION = YES;
				CLANG_WARN_CONSTANT_CONVERSION = YES;
				CLANG_WARN_DIRECT_OBJC_ISA_USAGE = YES_ERROR;
				CLANG_WARN_EMPTY_BODY = YES;
				CLANG_WARN_ENUM_CONVERSION = YES;
				CLANG_WARN_INT_CONVERSION = YES;
				CLANG_WARN_OBJC_ROOT_CLASS = YES_ERROR;
				CLANG_WARN_UNREACHABLE_CODE = YES;
				CLANG_WARN__DUPLICATE_METHOD_MATCH = YES;
				"CODE_SIGN_IDENTITY[sdk=iphoneos*]" = "iPhone Developer";
				COPY_PHASE_STRIP = NO;
				DEBUG_INFORMATION_FORMAT = dwarf;
				ENABLE_STRICT_OBJC_MSGSEND = YES;
				ENABLE_TESTABILITY = YES;
				GCC_C_LANGUAGE_STANDARD = gnu99;
				GCC_DYNAMIC_NO_PIC = NO;
				GCC_NO_COMMON_BLOCKS = YES;
				GCC_OPTIMIZATION_LEVEL = 0;
				GCC_PREPROCESSOR_DEFINITIONS = (
					"DEBUG=1",
					"$(inherited)",
				);
				GCC_WARN_64_TO_32_BIT_CONVERSION = YES;
				GCC_WARN_ABOUT_RETURN_TYPE = YES_ERROR;
				GCC_WARN_UNDECLARED_SELECTOR = YES;
				GCC_WARN_UNINITIALIZED_AUTOS = YES_AGGRESSIVE;
				GCC_WARN_UNUSED_FUNCTION = YES;
				GCC_WARN_UNUSED_VARIABLE = YES;
				IPHONEOS_DEPLOYMENT_TARGET = 9.3;
				MTL_ENABLE_DEBUG_INFO = YES;
				ONLY_ACTIVE_ARCH = YES;
				SDKROOT = iphoneos;
				SWIFT_OPTIMIZATION_LEVEL = "-Onone";
			};
			name = Debug;
		};
		A0B4DF471D2D084A0074E216 /* Release */ = {
			isa = XCBuildConfiguration;
			buildSettings = {
				ALWAYS_SEARCH_USER_PATHS = NO;
				CLANG_ANALYZER_NONNULL = YES;
				CLANG_CXX_LANGUAGE_STANDARD = "gnu++0x";
				CLANG_CXX_LIBRARY = "libc++";
				CLANG_ENABLE_MODULES = YES;
				CLANG_ENABLE_OBJC_ARC = YES;
				CLANG_WARN_BOOL_CONVERSION = YES;
				CLANG_WARN_CONSTANT_CONVERSION = YES;
				CLANG_WARN_DIRECT_OBJC_ISA_USAGE = YES_ERROR;
				CLANG_WARN_EMPTY_BODY = YES;
				CLANG_WARN_ENUM_CONVERSION = YES;
				CLANG_WARN_INT_CONVERSION = YES;
				CLANG_WARN_OBJC_ROOT_CLASS = YES_ERROR;
				CLANG_WARN_UNREACHABLE_CODE = YES;
				CLANG_WARN__DUPLICATE_METHOD_MATCH = YES;
				"CODE_SIGN_IDENTITY[sdk=iphoneos*]" = "iPhone Developer";
				COPY_PHASE_STRIP = NO;
				DEBUG_INFORMATION_FORMAT = "dwarf-with-dsym";
				ENABLE_NS_ASSERTIONS = NO;
				ENABLE_STRICT_OBJC_MSGSEND = YES;
				GCC_C_LANGUAGE_STANDARD = gnu99;
				GCC_NO_COMMON_BLOCKS = YES;
				GCC_WARN_64_TO_32_BIT_CONVERSION = YES;
				GCC_WARN_ABOUT_RETURN_TYPE = YES_ERROR;
				GCC_WARN_UNDECLARED_SELECTOR = YES;
				GCC_WARN_UNINITIALIZED_AUTOS = YES_AGGRESSIVE;
				GCC_WARN_UNUSED_FUNCTION = YES;
				GCC_WARN_UNUSED_VARIABLE = YES;
				IPHONEOS_DEPLOYMENT_TARGET = 9.3;
				MTL_ENABLE_DEBUG_INFO = NO;
				SDKROOT = iphoneos;
				VALIDATE_PRODUCT = YES;
			};
			name = Release;
		};
		A0B4DF491D2D084A0074E216 /* Debug */ = {
			isa = XCBuildConfiguration;
			baseConfigurationReference = 2DDBA74E2588958E2C13E347 /* Pods.debug.xcconfig */;
			buildSettings = {
				ASSETCATALOG_COMPILER_APPICON_NAME = AppIcon;
				INFOPLIST_FILE = GADLoaderHiddenWindowSample/Info.plist;
				LD_RUNPATH_SEARCH_PATHS = "$(inherited) @executable_path/Frameworks";
				PRODUCT_BUNDLE_IDENTIFIER = info.soragoto.GADLoaderHiddenWindowSample;
				PRODUCT_NAME = "$(TARGET_NAME)";
			};
			name = Debug;
		};
		A0B4DF4A1D2D084A0074E216 /* Release */ = {
			isa = XCBuildConfiguration;
			baseConfigurationReference = 352EFDC6AAE3437B8C8CD61E /* Pods.release.xcconfig */;
			buildSettings = {
				ASSETCATALOG_COMPILER_APPICON_NAME = AppIcon;
				INFOPLIST_FILE = GADLoaderHiddenWindowSample/Info.plist;
				LD_RUNPATH_SEARCH_PATHS = "$(inherited) @executable_path/Frameworks";
				PRODUCT_BUNDLE_IDENTIFIER = info.soragoto.GADLoaderHiddenWindowSample;
				PRODUCT_NAME = "$(TARGET_NAME)";
			};
			name = Release;
		};
/* End XCBuildConfiguration section */

/* Begin XCConfigurationList section */
		A0B4DF311D2D084A0074E216 /* Build configuration list for PBXProject "GADLoaderHiddenWindowSample" */ = {
			isa = XCConfigurationList;
			buildConfigurations = (
				A0B4DF461D2D084A0074E216 /* Debug */,
				A0B4DF471D2D084A0074E216 /* Release */,
			);
			defaultConfigurationIsVisible = 0;
			defaultConfigurationName = Release;
		};
		A0B4DF481D2D084A0074E216 /* Build configuration list for PBXNativeTarget "GADLoaderHiddenWindowSample" */ = {
			isa = XCConfigurationList;
			buildConfigurations = (
				A0B4DF491D2D084A0074E216 /* Debug */,
				A0B4DF4A1D2D084A0074E216 /* Release */,
			);
			defaultConfigurationIsVisible = 0;
			defaultConfigurationName = Release;
		};
/* End XCConfigurationList section */
	};
	rootObject = A0B4DF2E1D2D084A0074E216 /* Project object */;
}
